PODS:
  - SlouchDB (0.0.1)
  - Yaml (3.3.1)

DEPENDENCIES:
  - SlouchDB (from `../`)
  - Yaml (~> 3.3.1)

EXTERNAL SOURCES:
  SlouchDB:
    :path: ../

SPEC CHECKSUMS:
  SlouchDB: dd58cc2a27052ad1826352dd2e823958a41a7e07
  Yaml: 18b2cf7301c4132e2bbb508a6921d2637ed3046c

PODFILE CHECKSUM: 041f3ad42dcab76ba4a74f257a686686946e38df

COCOAPODS: 1.3.1
